
Microsoft Visual Studio Solution File, Format Version 12.00
# Visual Studio Version 17
VisualStudioVersion = 17.8.34601.278
MinimumVisualStudioVersion = 10.0.40219.1
Project("{9A19103F-16F7-4668-BE54-9A1E7A4F7556}") = "Ecommerce.Products.Domain", "Ecommerce.Products.Domain\Ecommerce.Products.Domain.csproj", "{08323234-4C5A-40DF-9D0A-1A57CD8A77EF}"
EndProject
Project("{9A19103F-16F7-4668-BE54-9A1E7A4F7556}") = "Ecommerce.Products.Application", "Ecommerce.Products.Application\Ecommerce.Products.Application.csproj", "{C7D97826-B9C2-4917-B86F-2A242461F2AB}"
EndProject
Project("{9A19103F-16F7-4668-BE54-9A1E7A4F7556}") = "Ecommerce.Products.Infrastructure", "Ecommerce.Products.Infrastructure\Ecommerce.Products.Infrastructure.csproj", "{877D509C-053E-4C45-A16C-546D444AC35C}"
EndProject
Project("{9A19103F-16F7-4668-BE54-9A1E7A4F7556}") = "Ecommerce.Products.API", "Ecommerce.Products.API\Ecommerce.Products.API.csproj", "{9463C8F6-4C7C-4BB5-9FDF-611B0ABA70CF}"
EndProject
Project("{9A19103F-16F7-4668-BE54-9A1E7A4F7556}") = "Ecommerce.Products.Tests", "Ecommerce.Products.Tests\Ecommerce.Products.Tests.csproj", "{20549366-CB2B-44A9-A83C-39D85D6CBE3D}"
EndProject
Global
	GlobalSection(SolutionConfigurationPlatforms) = preSolution
		Debug|Any CPU = Debug|Any CPU
		Release|Any CPU = Release|Any CPU
	EndGlobalSection
	GlobalSection(ProjectConfigurationPlatforms) = postSolution
		{08323234-4C5A-40DF-9D0A-1A57CD8A77EF}.Debug|Any CPU.ActiveCfg = Debug|Any CPU
		{08323234-4C5A-40DF-9D0A-1A57CD8A77EF}.Debug|Any CPU.Build.0 = Debug|Any CPU
		{08323234-4C5A-40DF-9D0A-1A57CD8A77EF}.Release|Any CPU.ActiveCfg = Release|Any CPU
		{08323234-4C5A-40DF-9D0A-1A57CD8A77EF}.Release|Any CPU.Build.0 = Release|Any CPU
		{C7D97826-B9C2-4917-B86F-2A242461F2AB}.Debug|Any CPU.ActiveCfg = Debug|Any CPU
		{C7D97826-B9C2-4917-B86F-2A242461F2AB}.Debug|Any CPU.Build.0 = Debug|Any CPU
		{C7D97826-B9C2-4917-B86F-2A242461F2AB}.Release|Any CPU.ActiveCfg = Release|Any CPU
		{C7D97826-B9C2-4917-B86F-2A242461F2AB}.Release|Any CPU.Build.0 = Release|Any CPU
		{877D509C-053E-4C45-A16C-546D444AC35C}.Debug|Any CPU.ActiveCfg = Debug|Any CPU
		{877D509C-053E-4C45-A16C-546D444AC35C}.Debug|Any CPU.Build.0 = Debug|Any CPU
		{877D509C-053E-4C45-A16C-546D444AC35C}.Release|Any CPU.ActiveCfg = Release|Any CPU
		{877D509C-053E-4C45-A16C-546D444AC35C}.Release|Any CPU.Build.0 = Release|Any CPU
		{9463C8F6-4C7C-4BB5-9FDF-611B0ABA70CF}.Debug|Any CPU.ActiveCfg = Debug|Any CPU
		{9463C8F6-4C7C-4BB5-9FDF-611B0ABA70CF}.Debug|Any CPU.Build.0 = Debug|Any CPU
		{9463C8F6-4C7C-4BB5-9FDF-611B0ABA70CF}.Release|Any CPU.ActiveCfg = Release|Any CPU
		{9463C8F6-4C7C-4BB5-9FDF-611B0ABA70CF}.Release|Any CPU.Build.0 = Release|Any CPU
		{20549366-CB2B-44A9-A83C-39D85D6CBE3D}.Debug|Any CPU.ActiveCfg = Debug|Any CPU
		{20549366-CB2B-44A9-A83C-39D85D6CBE3D}.Debug|Any CPU.Build.0 = Debug|Any CPU
		{20549366-CB2B-44A9-A83C-39D85D6CBE3D}.Release|Any CPU.ActiveCfg = Release|Any CPU
		{20549366-CB2B-44A9-A83C-39D85D6CBE3D}.Release|Any CPU.Build.0 = Release|Any CPU
	EndGlobalSection
	GlobalSection(SolutionProperties) = preSolution
		HideSolutionNode = FALSE
	EndGlobalSection
	GlobalSection(ExtensibilityGlobals) = postSolution
		SolutionGuid = {C1585EB5-1548-4082-A2A9-3213977C9EFD}
	EndGlobalSection
EndGlobal
